// !$*UTF8*$!
{
	archiveVersion = 1;
	classes = {
	};
	objectVersion = 48;
	objects = {

/* Begin PBXBuildFile section */
		A366ECF320A405FD006B8E8F /* AppDelegate.swift in Sources */ = {isa = PBXBuildFile; fileRef = A366ECF220A405FD006B8E8F /* AppDelegate.swift */; };
		A366ECF520A405FD006B8E8F /* ViewController.swift in Sources */ = {isa = PBXBuildFile; fileRef = A366ECF420A405FD006B8E8F /* ViewController.swift */; };
		A366ECF820A405FD006B8E8F /* Main.storyboard in Resources */ = {isa = PBXBuildFile; fileRef = A366ECF620A405FD006B8E8F /* Main.storyboard */; };
		A366ECFA20A405FD006B8E8F /* Assets.xcassets in Resources */ = {isa = PBXBuildFile; fileRef = A366ECF920A405FD006B8E8F /* Assets.xcassets */; };
		A366ECFD20A405FD006B8E8F /* LaunchScreen.storyboard in Resources */ = {isa = PBXBuildFile; fileRef = A366ECFB20A405FD006B8E8F /* LaunchScreen.storyboard */; };
/* End PBXBuildFile section */

/* Begin PBXFileReference section */
		A366ECEF20A405FD006B8E8F /* DemoVersionControl.app */ = {isa = PBXFileReference; explicitFileType = wrapper.application; includeInIndex = 0; path = DemoVersionControl.app; sourceTree = BUILT_PRODUCTS_DIR; };
		A366ECF220A405FD006B8E8F /* AppDelegate.swift */ = {isa = PBXFileReference; lastKnownFileType = sourcecode.swift; path = AppDelegate.swift; sourceTree = "<group>"; };
		A366ECF420A405FD006B8E8F /* ViewController.swift */ = {isa = PBXFileReference; lastKnownFileType = sourcecode.swift; path = ViewController.swift; sourceTree = "<group>"; };
		A366ECF720A405FD006B8E8F /* Base */ = {isa = PBXFileReference; lastKnownFileType = file.storyboard; name = Base; path = Base.lproj/Main.storyboard; sourceTree = "<group>"; };
		A366ECF920A405FD006B8E8F /* Assets.xcassets */ = {isa = PBXFileReference; lastKnownFileType = folder.assetcatalog; path = Assets.xcassets; sourceTree = "<group>"; };
		A366ECFC20A405FD006B8E8F /* Base */ = {isa = PBXFileReference; lastKnownFileType = file.storyboard; name = Base; path = Base.lproj/LaunchScreen.storyboard; sourceTree = "<group>"; };
		A366ECFE20A405FD006B8E8F /* Info.plist */ = {isa = PBXFileReference; lastKnownFileType = text.plist.xml; path = Info.plist; sourceTree = "<group>"; };
/* End PBXFileReference section */

/* Begin PBXFrameworksBuildPhase section */
		A366ECEC20A405FD006B8E8F /* Frameworks */ = {
			isa = PBXFrameworksBuildPhase;
			buildActionMask = 2147483647;
			files = (
			);
			runOnlyForDeploymentPostprocessing = 0;
		};
/* End PBXFrameworksBuildPhase section */

/* Begin PBXGroup section */
		A366ECE620A405FD006B8E8F = {
			isa = PBXGroup;
			children = (
				A366ECF120A405FD006B8E8F /* DemoVersionControl */,
				A366ECF020A405FD006B8E8F /* Products */,
			);
			sourceTree = "<group>";
		};
		A366ECF020A405FD006B8E8F /* Products */ = {
			isa = PBXGroup;
			children = (
				A366ECEF20A405FD006B8E8F /* DemoVersionControl.app */,
			);
			name = Products;
			sourceTree = "<group>";
		};
		A366ECF120A405FD006B8E8F /* DemoVersionControl */ = {
			isa = PBXGroup;
			children = (
				A366ECF220A405FD006B8E8F /* AppDelegate.swift */,
				A366ECF420A405FD006B8E8F /* ViewController.swift */,
				A366ECF620A405FD006B8E8F /* Main.storyboard */,
				A366ECF920A405FD006B8E8F /* Assets.xcassets */,
				A366ECFB20A405FD006B8E8F /* LaunchScreen.storyboard */,
				A366ECFE20A405FD006B8E8F /* Info.plist */,
			);
			path = DemoVersionControl;
			sourceTree = "<group>";
		};
/* End PBXGroup section */

/* Begin PBXNativeTarget section */
		A366ECEE20A405FD006B8E8F /* DemoVersionControl */ = {
			isa = PBXNativeTarget;
			buildConfigurationList = A366ED0120A405FD006B8E8F /* Build configuration list for PBXNativeTarget "DemoVersionControl" */;
			buildPhases = (
				A366ECEB20A405FD006B8E8F /* Sources */,
				A366ECEC20A405FD006B8E8F /* Frameworks */,
				A366ECED20A405FD006B8E8F /* Resources */,
			);
			buildRules = (
			);
			dependencies = (
			);
			name = DemoVersionControl;
			productName = DemoVersionControl;
			productReference = A366ECEF20A405FD006B8E8F /* DemoVersionControl.app */;
			productType = "com.apple.product-type.application";
		};
/* End PBXNativeTarget section */

/* Begin PBXProject section */
		A366ECE720A405FD006B8E8F /* Project object */ = {
			isa = PBXProject;
			attributes = {
				LastSwiftUpdateCheck = 0920;
				LastUpgradeCheck = 0920;
				ORGANIZATIONNAME = Techindiana;
				TargetAttributes = {
					A366ECEE20A405FD006B8E8F = {
						CreatedOnToolsVersion = 9.2;
						ProvisioningStyle = Automatic;
					};
				};
			};
			buildConfigurationList = A366ECEA20A405FD006B8E8F /* Build configuration list for PBXProject "DemoVersionControl" */;
			compatibilityVersion = "Xcode 8.0";
			developmentRegion = en;
			hasScannedForEncodings = 0;
			knownRegions = (
				en,
				Base,
			);
			mainGroup = A366ECE620A405FD006B8E8F;
			productRefGroup = A366ECF020A405FD006B8E8F /* Products */;
			projectDirPath = "";
			projectRoot = "";
			targets = (
				A366ECEE20A405FD006B8E8F /* DemoVersionControl */,
			);
		};
/* End PBXProject section */

/* Begin PBXResourcesBuildPhase section */
		A366ECED20A405FD006B8E8F /* Resources */ = {
			isa = PBXResourcesBuildPhase;
			buildActionMask = 2147483647;
			files = (
				A366ECFD20A405FD006B8E8F /* LaunchScreen.storyboard in Resources */,
				A366ECFA20A405FD006B8E8F /* Assets.xcassets in Resources */,
				A366ECF820A405FD006B8E8F /* Main.storyboard in Resources */,
			);
			runOnlyForDeploymentPostprocessing = 0;
		};
/* End PBXResourcesBuildPhase section */

/* Begin PBXSourcesBuildPhase section */
		A366ECEB20A405FD006B8E8F /* Sources */ = {
			isa = PBXSourcesBuildPhase;
			buildActionMask = 2147483647;
			files = (
				A366ECF520A405FD006B8E8F /* ViewController.swift in Sources */,
				A366ECF320A405FD006B8E8F /* AppDelegate.swift in Sources */,
			);
			runOnlyForDeploymentPostprocessing = 0;
		};
/* End PBXSourcesBuildPhase section */

/* Begin PBXVariantGroup section */
		A366ECF620A405FD006B8E8F /* Main.storyboard */ = {
			isa = PBXVariantGroup;
			children = (
				A366ECF720A405FD006B8E8F /* Base */,
			);
			name = Main.storyboard;
			sourceTree = "<group>";
		};
		A366ECFB20A405FD006B8E8F /* LaunchScreen.storyboard */ = {
			isa = PBXVariantGroup;
			children = (
				A366ECFC20A405FD006B8E8F /* Base */,
			);
			name = LaunchScreen.storyboard;
			sourceTree = "<group>";
		};
/* End PBXVariantGroup section */

/* Begin XCBuildConfiguration section */
		A366ECFF20A405FD006B8E8F /* Debug */ = {
			isa = XCBuildConfiguration;
			buildSettings = {
				ALWAYS_SEARCH_USER_PATHS = NO;
				CLANG_ANALYZER_NONNULL = YES;
				CLANG_ANALYZER_NUMBER_OBJECT_CONVERSION = YES_AGGRESSIVE;
				CLANG_CXX_LANGUAGE_STANDARD = "gnu++14";
				CLANG_CXX_LIBRARY = "libc++";
				CLANG_ENABLE_MODULES = YES;
				CLANG_ENABLE_OBJC_ARC = YES;
				CLANG_WARN_BLOCK_CAPTURE_AUTORELEASING = YES;
				CLANG_WARN_BOOL_CONVERSION = YES;
				CLANG_WARN_COMMA = YES;
				CLANG_WARN_CONSTANT_CONVERSION = YES;
				CLANG_WARN_DIRECT_OBJC_ISA_USAGE = YES_ERROR;
				CLANG_WARN_DOCUMENTATION_COMMENTS = YES;
				CLANG_WARN_EMPTY_BODY = YES;
				CLANG_WARN_ENUM_CONVERSION = YES;
				CLANG_WARN_INFINITE_RECURSION = YES;
				CLANG_WARN_INT_CONVERSION = YES;
				CLANG_WARN_NON_LITERAL_NULL_CONVERSION = YES;
				CLANG_WARN_OBJC_LITERAL_CONVERSION = YES;
				CLANG_WARN_OBJC_ROOT_CLASS = YES_ERROR;
				CLANG_WARN_RANGE_LOOP_ANALYSIS = YES;
				CLANG_WARN_STRICT_PROTOTYPES = YES;
				CLANG_WARN_SUSPICIOUS_MOVE = YES;
				CLANG_WARN_UNGUARDED_AVAILABILITY = YES_AGGRESSIVE;
				CLANG_WARN_UNREACHABLE_CODE = YES;
				CLANG_WARN__DUPLICATE_METHOD_MATCH = YES;
				CODE_SIGN_IDENTITY = "iPhone Developer";
				COPY_PHASE_STRIP = NO;
				DEBUG_INFORMATION_FORMAT = dwarf;
				ENABLE_STRICT_OBJC_MSGSEND = YES;
				ENABLE_TESTABILITY = YES;
				GCC_C_LANGUAGE_STANDARD = gnu11;
				GCC_DYNAMIC_NO_PIC = NO;
				GCC_NO_COMMON_BLOCKS = YES;
				GCC_OPTIMIZATION_LEVEL = 0;
				GCC_PREPROCESSOR_DEFINITIONS = (
					"DEBUG=1",
					"$(inherited)",
				);
				GCC_WARN_64_TO_32_BIT_CONVERSION = YES;
				GCC_WARN_ABOUT_RETURN_TYPE = YES_ERROR;
				GCC_WARN_UNDECLARED_SELECTOR = YES;
				GCC_WARN_UNINITIALIZED_AUTOS = YES_AGGRESSIVE;
				GCC_WARN_UNUSED_FUNCTION = YES;
				GCC_WARN_UNUSED_VARIABLE = YES;
				IPHONEOS_DEPLOYMENT_TARGET = 11.2;
				MTL_ENABLE_DEBUG_INFO = YES;
				ONLY_ACTIVE_ARCH = YES;
				SDKROOT = iphoneos;
				SWIFT_ACTIVE_COMPILATION_CONDITIONS = DEBUG;
				SWIFT_OPTIMIZATION_LEVEL = "-Onone";
			};
			name = Debug;
		};
		A366ED0020A405FD006B8E8F /* Release */ = {
			isa = XCBuildConfiguration;
			buildSettings = {
				ALWAYS_SEARCH_USER_PATHS = NO;
				CLANG_ANALYZER_NONNULL = YES;
				CLANG_ANALYZER_NUMBER_OBJECT_CONVERSION = YES_AGGRESSIVE;
				CLANG_CXX_LANGUAGE_STANDARD = "gnu++14";
				CLANG_CXX_LIBRARY = "libc++";
				CLANG_ENABLE_MODULES = YES;
				CLANG_ENABLE_OBJC_ARC = YES;
				CLANG_WARN_BLOCK_CAPTURE_AUTORELEASING = YES;
				CLANG_WARN_BOOL_CONVERSION = YES;
				CLANG_WARN_COMMA = YES;
				CLANG_WARN_CONSTANT_CONVERSION = YES;
				CLANG_WARN_DIRECT_OBJC_ISA_USAGE = YES_ERROR;
				CLANG_WARN_DOCUMENTATION_COMMENTS = YES;
				CLANG_WARN_EMPTY_BODY = YES;
				CLANG_WARN_ENUM_CONVERSION = YES;
				CLANG_WARN_INFINITE_RECURSION = YES;
				CLANG_WARN_INT_CONVERSION = YES;
				CLANG_WARN_NON_LITERAL_NULL_CONVERSION = YES;
				CLANG_WARN_OBJC_LITERAL_CONVERSION = YES;
				CLANG_WARN_OBJC_ROOT_CLASS = YES_ERROR;
				CLANG_WARN_RANGE_LOOP_ANALYSIS = YES;
				CLANG_WARN_STRICT_PROTOTYPES = YES;
				CLANG_WARN_SUSPICIOUS_MOVE = YES;
				CLANG_WARN_UNGUARDED_AVAILABILITY = YES_AGGRESSIVE;
				CLANG_WARN_UNREACHABLE_CODE = YES;
				CLANG_WARN__DUPLICATE_METHOD_MATCH = YES;
				CODE_SIGN_IDENTITY = "iPhone Developer";
				COPY_PHASE_STRIP = NO;
				DEBUG_INFORMATION_FORMAT = "dwarf-with-dsym";
				ENABLE_NS_ASSERTIONS = NO;
				ENABLE_STRICT_OBJC_MSGSEND = YES;
				GCC_C_LANGUAGE_STANDARD = gnu11;
				GCC_NO_COMMON_BLOCKS = YES;
				GCC_WARN_64_TO_32_BIT_CONVERSION = YES;
				GCC_WARN_ABOUT_RETURN_TYPE = YES_ERROR;
				GCC_WARN_UNDECLARED_SELECTOR = YES;
				GCC_WARN_UNINITIALIZED_AUTOS = YES_AGGRESSIVE;
				GCC_WARN_UNUSED_FUNCTION = YES;
				GCC_WARN_UNUSED_VARIABLE = YES;
				IPHONEOS_DEPLOYMENT_TARGET = 11.2;
				MTL_ENABLE_DEBUG_INFO = NO;
				SDKROOT = iphoneos;
				SWIFT_OPTIMIZATION_LEVEL = "-Owholemodule";
				VALIDATE_PRODUCT = YES;
			};
			name = Release;
		};
		A366ED0220A405FD006B8E8F /* Debug */ = {
			isa = XCBuildConfiguration;
			buildSettings = {
				ASSETCATALOG_COMPILER_APPICON_NAME = AppIcon;
				CODE_SIGN_STYLE = Automatic;
				DEVELOPMENT_TEAM = W682FN33FQ;
				INFOPLIST_FILE = DemoVersionControl/Info.plist;
				LD_RUNPATH_SEARCH_PATHS = "$(inherited) @executable_path/Frameworks";
				PRODUCT_BUNDLE_IDENTIFIER = com.techindiana.DemoVersionControl.DemoVersionControl;
				PRODUCT_NAME = "$(TARGET_NAME)";
				SWIFT_VERSION = 4.0;
				TARGETED_DEVICE_FAMILY = "1,2";
			};
			name = Debug;
		};
		A366ED0320A405FD006B8E8F /* Release */ = {
			isa = XCBuildConfiguration;
			buildSettings = {
				ASSETCATALOG_COMPILER_APPICON_NAME = AppIcon;
				CODE_SIGN_STYLE = Automatic;
				DEVELOPMENT_TEAM = W682FN33FQ;
				INFOPLIST_FILE = DemoVersionControl/Info.plist;
				LD_RUNPATH_SEARCH_PATHS = "$(inherited) @executable_path/Frameworks";
				PRODUCT_BUNDLE_IDENTIFIER = com.techindiana.DemoVersionControl.DemoVersionControl;
				PRODUCT_NAME = "$(TARGET_NAME)";
				SWIFT_VERSION = 4.0;
				TARGETED_DEVICE_FAMILY = "1,2";
			};
			name = Release;
		};
/* End XCBuildConfiguration section */

/* Begin XCConfigurationList section */
		A366ECEA20A405FD006B8E8F /* Build configuration list for PBXProject "DemoVersionControl" */ = {
			isa = XCConfigurationList;
			buildConfigurations = (
				A366ECFF20A405FD006B8E8F /* Debug */,
				A366ED0020A405FD006B8E8F /* Release */,
			);
			defaultConfigurationIsVisible = 0;
			defaultConfigurationName = Release;
		};
		A366ED0120A405FD006B8E8F /* Build configuration list for PBXNativeTarget "DemoVersionControl" */ = {
			isa = XCConfigurationList;
			buildConfigurations = (
				A366ED0220A405FD006B8E8F /* Debug */,
				A366ED0320A405FD006B8E8F /* Release */,
			);
			defaultConfigurationIsVisible = 0;
			defaultConfigurationName = Release;
		};
/* End XCConfigurationList section */
	};
	rootObject = A366ECE720A405FD006B8E8F /* Project object */;
}
